Microsoft Visual Studio Solution File, Format Version 12.00
# Visual Studio Version 17
VisualStudioVersion = 17.5.2.0
MinimumVisualStudioVersion = 10.0.40219.1
Project("{FAE04EC0-301F-11D3-BF4B-00C04F79EFBC}") = "ExercicioProjeto", "ExercicioProjeto.csproj", "{9115F73D-7E07-6925-AF96-6AD47D95FE17}"
EndProject
Global
	GlobalSection(SolutionConfigurationPlatforms) = preSolution
		Debug|Any CPU = Debug|Any CPU
		Release|Any CPU = Release|Any CPU
	EndGlobalSection
	GlobalSection(ProjectConfigurationPlatforms) = postSolution
		{9115F73D-7E07-6925-AF96-6AD47D95FE17}.Debug|Any CPU.ActiveCfg = Debug|Any CPU
		{9115F73D-7E07-6925-AF96-6AD47D95FE17}.Debug|Any CPU.Build.0 = Debug|Any CPU
		{9115F73D-7E07-6925-AF96-6AD47D95FE17}.Release|Any CPU.ActiveCfg = Release|Any CPU
		{9115F73D-7E07-6925-AF96-6AD47D95FE17}.Release|Any CPU.Build.0 = Release|Any CPU
	EndGlobalSection
	GlobalSection(SolutionProperties) = preSolution
		HideSolutionNode = FALSE
	EndGlobalSection
	GlobalSection(ExtensibilityGlobals) = postSolution
		SolutionGuid = {72559F39-CF0E-4492-AE44-5C8A9D7E2A86}
	EndGlobalSection
EndGlobal
